
Microsoft Visual Studio Solution File, Format Version 12.00
# Visual Studio 14
VisualStudioVersion = 14.0.25420.1
MinimumVisualStudioVersion = 10.0.40219.1
Project("{FAE04EC0-301F-11D3-BF4B-00C04F79EFBC}") = "ClassProject", "ClassProject\ClassProject.csproj", "{95AF68CF-AC1E-46F1-BC51-9D783239D61D}"
EndProject
Project("{FAE04EC0-301F-11D3-BF4B-00C04F79EFBC}") = "UnitTestProject1", "UnitTestProject1\UnitTestProject1.csproj", "{81A84A35-8D6F-454A-8214-AC1BEAEEFE18}"
EndProject
Global
	GlobalSection(SolutionConfigurationPlatforms) = preSolution
		Debug|Any CPU = Debug|Any CPU
		Release|Any CPU = Release|Any CPU
	EndGlobalSection
	GlobalSection(ProjectConfigurationPlatforms) = postSolution
		{95AF68CF-AC1E-46F1-BC51-9D783239D61D}.Debug|Any CPU.ActiveCfg = Debug|Any CPU
		{95AF68CF-AC1E-46F1-BC51-9D783239D61D}.Debug|Any CPU.Build.0 = Debug|Any CPU
		{95AF68CF-AC1E-46F1-BC51-9D783239D61D}.Release|Any CPU.ActiveCfg = Release|Any CPU
		{95AF68CF-AC1E-46F1-BC51-9D783239D61D}.Release|Any CPU.Build.0 = Release|Any CPU
		{81A84A35-8D6F-454A-8214-AC1BEAEEFE18}.Debug|Any CPU.ActiveCfg = Debug|Any CPU
		{81A84A35-8D6F-454A-8214-AC1BEAEEFE18}.Debug|Any CPU.Build.0 = Debug|Any CPU
		{81A84A35-8D6F-454A-8214-AC1BEAEEFE18}.Release|Any CPU.ActiveCfg = Release|Any CPU
		{81A84A35-8D6F-454A-8214-AC1BEAEEFE18}.Release|Any CPU.Build.0 = Release|Any CPU
	EndGlobalSection
	GlobalSection(SolutionProperties) = preSolution
		HideSolutionNode = FALSE
	EndGlobalSection
EndGlobal
